
Microsoft Visual Studio Solution File, Format Version 12.00
# Visual Studio Version 17
VisualStudioVersion = 17.5.002.0
MinimumVisualStudioVersion = 10.0.40219.1
Project("{2150E333-8FDC-42A3-9474-1A3956D46DE8}") = "apps", "apps", "{F525AC73-A76B-4932-9402-D413F9B94767}"
EndProject
Project("{9A19103F-16F7-4668-BE54-9A1E7A4F7556}") = "DotnetTemplate.Apps.Backend", "apps\backend\DotnetTemplate.Apps.Backend.csproj", "{C890F982-68D1-4837-8CDA-448F32B01801}"
EndProject
Project("{9A19103F-16F7-4668-BE54-9A1E7A4F7556}") = "DotnetTemplate.Apps.Backend.Test", "apps\backend.Test\DotnetTemplate.Apps.Backend.Test.csproj", "{2BC36F89-6212-4ADF-A608-51F77A80AF82}"
EndProject
Global
	GlobalSection(SolutionConfigurationPlatforms) = preSolution
		Debug|Any CPU = Debug|Any CPU
		Release|Any CPU = Release|Any CPU
	EndGlobalSection
	GlobalSection(ProjectConfigurationPlatforms) = postSolution
		{C890F982-68D1-4837-8CDA-448F32B01801}.Debug|Any CPU.ActiveCfg = Debug|Any CPU
		{C890F982-68D1-4837-8CDA-448F32B01801}.Debug|Any CPU.Build.0 = Debug|Any CPU
		{C890F982-68D1-4837-8CDA-448F32B01801}.Release|Any CPU.ActiveCfg = Release|Any CPU
		{C890F982-68D1-4837-8CDA-448F32B01801}.Release|Any CPU.Build.0 = Release|Any CPU
		{2BC36F89-6212-4ADF-A608-51F77A80AF82}.Debug|Any CPU.ActiveCfg = Debug|Any CPU
		{2BC36F89-6212-4ADF-A608-51F77A80AF82}.Debug|Any CPU.Build.0 = Debug|Any CPU
		{2BC36F89-6212-4ADF-A608-51F77A80AF82}.Release|Any CPU.ActiveCfg = Release|Any CPU
		{2BC36F89-6212-4ADF-A608-51F77A80AF82}.Release|Any CPU.Build.0 = Release|Any CPU
	EndGlobalSection
	GlobalSection(SolutionProperties) = preSolution
		HideSolutionNode = FALSE
	EndGlobalSection
	GlobalSection(NestedProjects) = preSolution
		{C890F982-68D1-4837-8CDA-448F32B01801} = {F525AC73-A76B-4932-9402-D413F9B94767}
		{2BC36F89-6212-4ADF-A608-51F77A80AF82} = {F525AC73-A76B-4932-9402-D413F9B94767}
	EndGlobalSection
	GlobalSection(ExtensibilityGlobals) = postSolution
		SolutionGuid = {84260FD8-9F54-4D90-9C94-0B3485026342}
	EndGlobalSection
EndGlobal
